
Microsoft Visual Studio Solution File, Format Version 12.00
# Visual Studio Version 16
VisualStudioVersion = 16.0.29503.13
MinimumVisualStudioVersion = 10.0.40219.1
Project("{FAE04EC0-301F-11D3-BF4B-00C04F79EFBC}") = "CurrencyConversion", "CurrencyConversion\CurrencyConversion.csproj", "{A49FEC59-DA91-4AFF-BB2E-96403248E1AF}"
EndProject
Global
	GlobalSection(SolutionConfigurationPlatforms) = preSolution
		Debug|Any CPU = Debug|Any CPU
		Release|Any CPU = Release|Any CPU
	EndGlobalSection
	GlobalSection(ProjectConfigurationPlatforms) = postSolution
		{A49FEC59-DA91-4AFF-BB2E-96403248E1AF}.Debug|Any CPU.ActiveCfg = Debug|Any CPU
		{A49FEC59-DA91-4AFF-BB2E-96403248E1AF}.Debug|Any CPU.Build.0 = Debug|Any CPU
		{A49FEC59-DA91-4AFF-BB2E-96403248E1AF}.Release|Any CPU.ActiveCfg = Release|Any CPU
		{A49FEC59-DA91-4AFF-BB2E-96403248E1AF}.Release|Any CPU.Build.0 = Release|Any CPU
	EndGlobalSection
	GlobalSection(SolutionProperties) = preSolution
		HideSolutionNode = FALSE
	EndGlobalSection
	GlobalSection(ExtensibilityGlobals) = postSolution
		SolutionGuid = {C5EBD9A6-6A85-43DD-85B7-BC597603085F}
	EndGlobalSection
EndGlobal
